
Microsoft Visual Studio Solution File, Format Version 12.00
# Visual Studio Version 17
VisualStudioVersion = 17.8.34408.163
MinimumVisualStudioVersion = 10.0.40219.1
Project("{FAE04EC0-301F-11D3-BF4B-00C04F79EFBC}") = "BlackJack_optimised-ish", "BlackJack_optimised-ish\BlackJack_optimised-ish.csproj", "{3526C8C0-FEB1-406B-9A7F-BB97B6B8D31F}"
EndProject
Global
	GlobalSection(SolutionConfigurationPlatforms) = preSolution
		Debug|Any CPU = Debug|Any CPU
		Release|Any CPU = Release|Any CPU
	EndGlobalSection
	GlobalSection(ProjectConfigurationPlatforms) = postSolution
		{3526C8C0-FEB1-406B-9A7F-BB97B6B8D31F}.Debug|Any CPU.ActiveCfg = Debug|Any CPU
		{3526C8C0-FEB1-406B-9A7F-BB97B6B8D31F}.Debug|Any CPU.Build.0 = Debug|Any CPU
		{3526C8C0-FEB1-406B-9A7F-BB97B6B8D31F}.Release|Any CPU.ActiveCfg = Release|Any CPU
		{3526C8C0-FEB1-406B-9A7F-BB97B6B8D31F}.Release|Any CPU.Build.0 = Release|Any CPU
	EndGlobalSection
	GlobalSection(SolutionProperties) = preSolution
		HideSolutionNode = FALSE
	EndGlobalSection
	GlobalSection(ExtensibilityGlobals) = postSolution
		SolutionGuid = {2026DA34-9D3C-47C3-8DAD-73A968F2C645}
	EndGlobalSection
EndGlobal
