
Microsoft Visual Studio Solution File, Format Version 12.00
# Visual Studio Version 17
VisualStudioVersion = 17.8.34408.163
MinimumVisualStudioVersion = 10.0.40219.1
Project("{FAE04EC0-301F-11D3-BF4B-00C04F79EFBC}") = "VeryGoodAPP", "VeryGoodAPP\VeryGoodAPP.csproj", "{46DFC429-B560-4BF3-89DD-FC9749167BD7}"
EndProject
Global
	GlobalSection(SolutionConfigurationPlatforms) = preSolution
		Debug|Any CPU = Debug|Any CPU
		Release|Any CPU = Release|Any CPU
	EndGlobalSection
	GlobalSection(ProjectConfigurationPlatforms) = postSolution
		{46DFC429-B560-4BF3-89DD-FC9749167BD7}.Debug|Any CPU.ActiveCfg = Debug|Any CPU
		{46DFC429-B560-4BF3-89DD-FC9749167BD7}.Debug|Any CPU.Build.0 = Debug|Any CPU
		{46DFC429-B560-4BF3-89DD-FC9749167BD7}.Release|Any CPU.ActiveCfg = Release|Any CPU
		{46DFC429-B560-4BF3-89DD-FC9749167BD7}.Release|Any CPU.Build.0 = Release|Any CPU
	EndGlobalSection
	GlobalSection(SolutionProperties) = preSolution
		HideSolutionNode = FALSE
	EndGlobalSection
	GlobalSection(ExtensibilityGlobals) = postSolution
		SolutionGuid = {6B6492A8-2900-4BBA-8505-AFDE598A8DC4}
	EndGlobalSection
EndGlobal
